
Microsoft Visual Studio Solution File, Format Version 12.00
# Visual Studio Version 16
VisualStudioVersion = 16.0.31019.35
MinimumVisualStudioVersion = 10.0.40219.1
Project("{FAE04EC0-301F-11D3-BF4B-00C04F79EFBC}") = "CpmPedidos.Domain", "CpmPedidos.Domain\CpmPedidos.Domain.csproj", "{625F253F-0486-4E15-AD1E-A7193CF74FE6}"
EndProject
Project("{FAE04EC0-301F-11D3-BF4B-00C04F79EFBC}") = "CpmPedidos.Interface", "CpmPedidos.Interface\CpmPedidos.Interface.csproj", "{9B967D7C-E924-48C1-A576-EE7E271CA792}"
EndProject
Project("{FAE04EC0-301F-11D3-BF4B-00C04F79EFBC}") = "CpmProdutos.Repository", "CpmProdutos.Repository\CpmProdutos.Repository.csproj", "{82C6F963-46E4-4654-86CB-AA3F029CC4ED}"
EndProject
Project("{FAE04EC0-301F-11D3-BF4B-00C04F79EFBC}") = "CpmProdutos.API", "CpmProdutos.API\CpmProdutos.API.csproj", "{59EDACB9-BD70-41D2-83EC-533CD506C19A}"
EndProject
Global
	GlobalSection(SolutionConfigurationPlatforms) = preSolution
		Debug|Any CPU = Debug|Any CPU
		Release|Any CPU = Release|Any CPU
	EndGlobalSection
	GlobalSection(ProjectConfigurationPlatforms) = postSolution
		{625F253F-0486-4E15-AD1E-A7193CF74FE6}.Debug|Any CPU.ActiveCfg = Debug|Any CPU
		{625F253F-0486-4E15-AD1E-A7193CF74FE6}.Debug|Any CPU.Build.0 = Debug|Any CPU
		{625F253F-0486-4E15-AD1E-A7193CF74FE6}.Release|Any CPU.ActiveCfg = Release|Any CPU
		{625F253F-0486-4E15-AD1E-A7193CF74FE6}.Release|Any CPU.Build.0 = Release|Any CPU
		{9B967D7C-E924-48C1-A576-EE7E271CA792}.Debug|Any CPU.ActiveCfg = Debug|Any CPU
		{9B967D7C-E924-48C1-A576-EE7E271CA792}.Debug|Any CPU.Build.0 = Debug|Any CPU
		{9B967D7C-E924-48C1-A576-EE7E271CA792}.Release|Any CPU.ActiveCfg = Release|Any CPU
		{9B967D7C-E924-48C1-A576-EE7E271CA792}.Release|Any CPU.Build.0 = Release|Any CPU
		{82C6F963-46E4-4654-86CB-AA3F029CC4ED}.Debug|Any CPU.ActiveCfg = Debug|Any CPU
		{82C6F963-46E4-4654-86CB-AA3F029CC4ED}.Debug|Any CPU.Build.0 = Debug|Any CPU
		{82C6F963-46E4-4654-86CB-AA3F029CC4ED}.Release|Any CPU.ActiveCfg = Release|Any CPU
		{82C6F963-46E4-4654-86CB-AA3F029CC4ED}.Release|Any CPU.Build.0 = Release|Any CPU
		{59EDACB9-BD70-41D2-83EC-533CD506C19A}.Debug|Any CPU.ActiveCfg = Debug|Any CPU
		{59EDACB9-BD70-41D2-83EC-533CD506C19A}.Debug|Any CPU.Build.0 = Debug|Any CPU
		{59EDACB9-BD70-41D2-83EC-533CD506C19A}.Release|Any CPU.ActiveCfg = Release|Any CPU
		{59EDACB9-BD70-41D2-83EC-533CD506C19A}.Release|Any CPU.Build.0 = Release|Any CPU
	EndGlobalSection
	GlobalSection(SolutionProperties) = preSolution
		HideSolutionNode = FALSE
	EndGlobalSection
	GlobalSection(ExtensibilityGlobals) = postSolution
		SolutionGuid = {77056306-A6B8-461F-80D6-A66565AC132E}
	EndGlobalSection
EndGlobal
